# This file is autogenerated, do not edit; changes may be undone by the next 'dep ensure'.


[[projects]]
  digest = "1:2cfcf491756c91955e52ea33f76b2af06b7fdb89eb6e3f30ad483e47c3b9919c"
  name = "github.com/Sirupsen/logrus"
  packages = [
    ".",
    "hooks/syslog",
  ]
  pruneopts = "UT"
  revision = "446d1c146faa8ed3f4218f056fcd165f6bcfda81"

[[projects]]
  digest = "1:5c51e1f6dbfe8e291a870f1a64ba53913a4996655401f8f0635a0a0882f57e54"
  name = "github.com/codegangsta/cli"
  packages = ["."]
  pruneopts = "UT"
  revision = "142e6cd241a4dfbf7f07a018f1f8225180018da4"

[[projects]]
  digest = "1:dac0740415e2280643e625b43ff2a44737abde82f81a2c1288818edb58d022f9"
  name = "github.com/docker/docker"
  packages = [
    "pkg/authorization",
    "pkg/plugins",
  ]
  pruneopts = "UT"
  revision = "09ad1bbc5897e34c6e6d5612b0e1ba709ed28a7d"

[[projects]]
  digest = "1:8de2398ce5c1bc08fbcd39894c3bf4cee8e4218f90d64bdd15006444229e692d"
  name = "github.com/docker/go-connections"
  packages = [
    "sockets",
    "tlsconfig",
  ]
  pruneopts = "UT"
  revision = "4e42727957c146776e5de9cec8c39e4059ed9f20"
  version = "v0.1.2"

[[projects]]
  digest = "1:e76c0a53389bf29d116440dc97c44fa59796dda4a79aeca1eb8113150dd1db50"
  name = "github.com/gorilla/context"
  packages = ["."]
  pruneopts = "UT"
  revision = "1c83b3eabd45b6d76072b66b746c20815fb2872d"

[[projects]]
  digest = "1:404219ea5028676d5c0b9990817bde5c14f6cbf0795cbb5a4f30e4072a69c19a"
  name = "github.com/gorilla/mux"
  packages = ["."]
  pruneopts = "UT"
  revision = "ee1815431e497d3850809578c93ab6705f1a19f7"

[[projects]]
  branch = "master"
  digest = "1:00423a38a695b36a397c7bcbcd54907ea9276427a088c24cd58129a3f51a7169"
  name = "github.com/howeyc/fsnotify"
  packages = ["."]
  pruneopts = "UT"
  revision = "f0c08ee9c60704c1879025f2ae0ff3e000082c13"

[[projects]]
  digest = "1:1cff1ec506a4e1660095f349326b13b365dd4457fa666ed9e159b9d29694a360"
  name = "github.com/opencontainers/runc"
  packages = ["libcontainer/user"]
  pruneopts = "UT"
  revision = "fa24ebf26c0a0c26880bd8375b81df8f91a0bbb4"

[[projects]]
  digest = "1:96ac300b2373fc25f05af24a4d55857fd9a409b7c5d7e9be5e6b485997af3d5a"
  name = "github.com/stretchr/testify"
  packages = ["assert"]
  pruneopts = "UT"
  revision = "dab07ac62d4905d3e48d17dc549c684ac3b7c15a"

[[projects]]
  branch = "master"
  digest = "1:344afee3d49a53e9e892abe985320b8b77b5891184d67ba8c303fa2b31efd0c8"
  name = "github.com/twistlock/authz"
  packages = [
    "authz",
    "core",
  ]
  pruneopts = "UT"
  revision = "da9ec76105ee75737326816359eab6894fb27532"

[[projects]]
  branch = "master"
  digest = "1:35560529f5721d65f36dc23aa15fbf7306c5091cdc3f29f65881af5031b80cc8"
  name = "golang.org/x/sys"
  packages = ["unix"]
  pruneopts = "UT"
  revision = "9b800f95dbbc54abff0acf7ee32d88ba4e328c89"

[solve-meta]
  analyzer-name = "dep"
  analyzer-version = 1
  input-imports = [
    "github.com/Sirupsen/logrus",
    "github.com/Sirupsen/logrus/hooks/syslog",
    "github.com/codegangsta/cli",
    "github.com/docker/docker/pkg/authorization",
    "github.com/docker/docker/pkg/plugins",
    "github.com/gorilla/mux",
    "github.com/howeyc/fsnotify",
    "github.com/stretchr/testify/assert",
    "github.com/twistlock/authz/authz",
    "github.com/twistlock/authz/core",
  ]
  solver-name = "gps-cdcl"
  solver-version = 1
